// !$*UTF8*$!
{
	archiveVersion = 1;
	classes = {
	};
	objectVersion = 55;
	objects = {

/* Begin PBXBuildFile section */
		C803E6B4278F4C56009D4BBE /* SuitableUsersView.swift in Sources */ = {isa = PBXBuildFile; fileRef = C803E6B3278F4C56009D4BBE /* SuitableUsersView.swift */; };
		C803E6B8278F5347009D4BBE /* SuitableUsersViewModel.swift in Sources */ = {isa = PBXBuildFile; fileRef = C803E6B7278F5347009D4BBE /* SuitableUsersViewModel.swift */; };
		C8135723276354C00072B1F7 /* DisplayView.swift in Sources */ = {isa = PBXBuildFile; fileRef = C8135722276354C00072B1F7 /* DisplayView.swift */; };
		C8135725276354EA0072B1F7 /* DisplayContentView.swift in Sources */ = {isa = PBXBuildFile; fileRef = C8135724276354EA0072B1F7 /* DisplayContentView.swift */; };
		C81357292763552E0072B1F7 /* CustomTabBar.swift in Sources */ = {isa = PBXBuildFile; fileRef = C81357282763552E0072B1F7 /* CustomTabBar.swift */; };
		C813572B276355410072B1F7 /* TabButton.swift in Sources */ = {isa = PBXBuildFile; fileRef = C813572A276355410072B1F7 /* TabButton.swift */; };
		C813572D276355580072B1F7 /* TabBarViewModel.swift in Sources */ = {isa = PBXBuildFile; fileRef = C813572C276355580072B1F7 /* TabBarViewModel.swift */; };
		C819193627BEE564009AC7C6 /* KeychainModels.swift in Sources */ = {isa = PBXBuildFile; fileRef = C819193527BEE564009AC7C6 /* KeychainModels.swift */; };
		C819193827BEEDDE009AC7C6 /* ResultModel.swift in Sources */ = {isa = PBXBuildFile; fileRef = C819193727BEEDDE009AC7C6 /* ResultModel.swift */; };
		C819193A27BEEE49009AC7C6 /* ServiceUrl.swift in Sources */ = {isa = PBXBuildFile; fileRef = C819193927BEEE49009AC7C6 /* ServiceUrl.swift */; };
		C819193C27BF8B56009AC7C6 /* String + Extension.swift in Sources */ = {isa = PBXBuildFile; fileRef = C819193B27BF8B56009AC7C6 /* String + Extension.swift */; };
		C819194227C031DC009AC7C6 /* BottomSheetView.swift in Sources */ = {isa = PBXBuildFile; fileRef = C819194127C031DC009AC7C6 /* BottomSheetView.swift */; };
		C819EE7B279201810011676F /* UIScreen + Extension.swift in Sources */ = {isa = PBXBuildFile; fileRef = C819EE7A279201810011676F /* UIScreen + Extension.swift */; };
		C819EE7D279380150011676F /* AboutUserViewModel.swift in Sources */ = {isa = PBXBuildFile; fileRef = C819EE7C279380150011676F /* AboutUserViewModel.swift */; };
		C819EE80279381600011676F /* WorkPlacesModel.swift in Sources */ = {isa = PBXBuildFile; fileRef = C819EE7F279381600011676F /* WorkPlacesModel.swift */; };
		C81F1029277BBB6B006787E0 /* HomeModel.swift in Sources */ = {isa = PBXBuildFile; fileRef = C81F1028277BBB6B006787E0 /* HomeModel.swift */; };
		C81F102B277BBC65006787E0 /* WorkCardView.swift in Sources */ = {isa = PBXBuildFile; fileRef = C81F102A277BBC65006787E0 /* WorkCardView.swift */; };
		C81F1030277BC2A0006787E0 /* FolderModel.swift in Sources */ = {isa = PBXBuildFile; fileRef = C81F102F277BC2A0006787E0 /* FolderModel.swift */; };
		C81F1032277BCAB2006787E0 /* DataFetcherServices.swift in Sources */ = {isa = PBXBuildFile; fileRef = C81F1031277BCAB2006787E0 /* DataFetcherServices.swift */; };
		C81F8A652795BC7B0085A641 /* AuthenticationViewModel.swift in Sources */ = {isa = PBXBuildFile; fileRef = C81F8A642795BC7B0085A641 /* AuthenticationViewModel.swift */; };
		C81F8A682795F0D90085A641 /* ShakeEffect.swift in Sources */ = {isa = PBXBuildFile; fileRef = C81F8A672795F0D90085A641 /* ShakeEffect.swift */; };
		C83D80F327C9082C00704709 /* PhotoPickerView.swift in Sources */ = {isa = PBXBuildFile; fileRef = C83D80F227C9082C00704709 /* PhotoPickerView.swift */; };
		C83D80F927CA427B00704709 /* SphereCell.swift in Sources */ = {isa = PBXBuildFile; fileRef = C83D80F827CA427B00704709 /* SphereCell.swift */; };
		C842574427501F8D009C405C /* Montserrat-Black.ttf in Resources */ = {isa = PBXBuildFile; fileRef = C842574327501F8D009C405C /* Montserrat-Black.ttf */; };
		C842574D27501FCA009C405C /* Montserrat-Light.ttf in Resources */ = {isa = PBXBuildFile; fileRef = C842574527501FCA009C405C /* Montserrat-Light.ttf */; };
		C842574E27501FCA009C405C /* Montserrat-ExtraLight.ttf in Resources */ = {isa = PBXBuildFile; fileRef = C842574627501FCA009C405C /* Montserrat-ExtraLight.ttf */; };
		C842574F27501FCA009C405C /* Montserrat-Thin.ttf in Resources */ = {isa = PBXBuildFile; fileRef = C842574727501FCA009C405C /* Montserrat-Thin.ttf */; };
		C842575027501FCA009C405C /* Montserrat-Bold.ttf in Resources */ = {isa = PBXBuildFile; fileRef = C842574827501FCA009C405C /* Montserrat-Bold.ttf */; };
		C842575127501FCA009C405C /* Montserrat-Regular.ttf in Resources */ = {isa = PBXBuildFile; fileRef = C842574927501FCA009C405C /* Montserrat-Regular.ttf */; };
		C842575227501FCA009C405C /* Montserrat-ExtraBold.ttf in Resources */ = {isa = PBXBuildFile; fileRef = C842574A27501FCA009C405C /* Montserrat-ExtraBold.ttf */; };
		C842575327501FCA009C405C /* Montserrat-Medium.ttf in Resources */ = {isa = PBXBuildFile; fileRef = C842574B27501FCA009C405C /* Montserrat-Medium.ttf */; };
		C842575427501FCA009C405C /* Montserrat-SemiBold.ttf in Resources */ = {isa = PBXBuildFile; fileRef = C842574C27501FCA009C405C /* Montserrat-SemiBold.ttf */; };
		C842575727502473009C405C /* ThemeFont.swift in Sources */ = {isa = PBXBuildFile; fileRef = C842575627502473009C405C /* ThemeFont.swift */; };
		C842575A27502973009C405C /* Color + Extension.swift in Sources */ = {isa = PBXBuildFile; fileRef = C842575927502973009C405C /* Color + Extension.swift */; };
		C842576327527DF5009C405C /* ColumnModel.swift in Sources */ = {isa = PBXBuildFile; fileRef = C842576227527DF5009C405C /* ColumnModel.swift */; };
		C842576727527E2D009C405C /* GridView.swift in Sources */ = {isa = PBXBuildFile; fileRef = C842576627527E2D009C405C /* GridView.swift */; };
		C842576C275283FF009C405C /* BackButton.swift in Sources */ = {isa = PBXBuildFile; fileRef = C842576B275283FF009C405C /* BackButton.swift */; };
		C842576E275286E3009C405C /* PluralLocalized.swift in Sources */ = {isa = PBXBuildFile; fileRef = C842576D275286E3009C405C /* PluralLocalized.swift */; };
		C851BC0B2763E606007A725E /* FoldersViewModel.swift in Sources */ = {isa = PBXBuildFile; fileRef = C851BC0A2763E606007A725E /* FoldersViewModel.swift */; };
		C8523CFE2794CC5800FF6536 /* AuthenticationView.swift in Sources */ = {isa = PBXBuildFile; fileRef = C8523CFD2794CC5800FF6536 /* AuthenticationView.swift */; };
		C8523D002794CD9600FF6536 /* CustomTextField.swift in Sources */ = {isa = PBXBuildFile; fileRef = C8523CFF2794CD9600FF6536 /* CustomTextField.swift */; };
		C85AF643278C8DB0008034FE /* CustomNavigationLink.swift in Sources */ = {isa = PBXBuildFile; fileRef = C85AF642278C8DB0008034FE /* CustomNavigationLink.swift */; };
		C85AF645278CC034008034FE /* AboutUserView.swift in Sources */ = {isa = PBXBuildFile; fileRef = C85AF644278CC034008034FE /* AboutUserView.swift */; };
		C85AF647278CC0A9008034FE /* BigTextBlock.swift in Sources */ = {isa = PBXBuildFile; fileRef = C85AF646278CC0A9008034FE /* BigTextBlock.swift */; };
		C86A8F482772155100CEBCC8 /* WalkthroughModel.swift in Sources */ = {isa = PBXBuildFile; fileRef = C86A8F472772155100CEBCC8 /* WalkthroughModel.swift */; };
		C86C556627971C4B000710DD /* AuthValidators.swift in Sources */ = {isa = PBXBuildFile; fileRef = C86C556527971C4B000710DD /* AuthValidators.swift */; };
		C86C556827975674000710DD /* AuthErrors.swift in Sources */ = {isa = PBXBuildFile; fileRef = C86C556727975674000710DD /* AuthErrors.swift */; };
		C86DD36D27D283EE00F6D43B /* Lottie in Frameworks */ = {isa = PBXBuildFile; productRef = C86DD36C27D283EE00F6D43B /* Lottie */; };
		C875324527BBCD36004DED24 /* KeychainService.swift in Sources */ = {isa = PBXBuildFile; fileRef = C875324427BBCD36004DED24 /* KeychainService.swift */; };
		C87609B227EB4AF7004040F2 /* CardModel.swift in Sources */ = {isa = PBXBuildFile; fileRef = C87609B127EB4AF7004040F2 /* CardModel.swift */; };
		C87609B427EB4FB9004040F2 /* Avatars.swift in Sources */ = {isa = PBXBuildFile; fileRef = C87609B327EB4FB9004040F2 /* Avatars.swift */; };
		C8787BF227ECA18D00E11926 /* ResponseError.swift in Sources */ = {isa = PBXBuildFile; fileRef = C8787BF127ECA18D00E11926 /* ResponseError.swift */; };
		C8787BF527ECA6D100E11926 /* KeychainServiceError.swift in Sources */ = {isa = PBXBuildFile; fileRef = C8787BF427ECA6D100E11926 /* KeychainServiceError.swift */; };
		C883A3DF27C2AFDE00EA9CC2 /* RegisterView.swift in Sources */ = {isa = PBXBuildFile; fileRef = C883A3DE27C2AFDE00EA9CC2 /* RegisterView.swift */; };
		C883A3E127C2B03E00EA9CC2 /* LinearGradient + Extension.swift in Sources */ = {isa = PBXBuildFile; fileRef = C883A3E027C2B03E00EA9CC2 /* LinearGradient + Extension.swift */; };
		C883A3E327C2E07B00EA9CC2 /* TokenService.swift in Sources */ = {isa = PBXBuildFile; fileRef = C883A3E227C2E07B00EA9CC2 /* TokenService.swift */; };
		C884135C27614C26004C21C3 /* ProfileBaseInfoView.swift in Sources */ = {isa = PBXBuildFile; fileRef = C884135B27614C26004C21C3 /* ProfileBaseInfoView.swift */; };
		C884135E27615F91004C21C3 /* HexColor + Extension.swift in Sources */ = {isa = PBXBuildFile; fileRef = C884135D27615F91004C21C3 /* HexColor + Extension.swift */; };
		C8864400275979E600BC1B06 /* ContentBlock.swift in Sources */ = {isa = PBXBuildFile; fileRef = C88643FF275979E600BC1B06 /* ContentBlock.swift */; };
		C8864402275A064800BC1B06 /* LongButton.swift in Sources */ = {isa = PBXBuildFile; fileRef = C8864401275A064800BC1B06 /* LongButton.swift */; };
		C8864405275A110800BC1B06 /* FolderStrokeCardView.swift in Sources */ = {isa = PBXBuildFile; fileRef = C8864404275A110800BC1B06 /* FolderStrokeCardView.swift */; };
		C888EF8827CE63930012AE64 /* loadingLottie.json in Resources */ = {isa = PBXBuildFile; fileRef = C888EF8727CE63930012AE64 /* loadingLottie.json */; };
		C899129627D3487A003180BB /* LottieView.swift in Sources */ = {isa = PBXBuildFile; fileRef = C899129527D3487A003180BB /* LottieView.swift */; };
		C899129A27D34E57003180BB /* LoadingViewModifier.swift in Sources */ = {isa = PBXBuildFile; fileRef = C899129927D34E57003180BB /* LoadingViewModifier.swift */; };
		C8A3F270277A3CC400C6435A /* CustomNavigationView.swift in Sources */ = {isa = PBXBuildFile; fileRef = C8A3F26F277A3CC400C6435A /* CustomNavigationView.swift */; };
		C8A6AFEB278CDB9A00A3B80D /* TitleBlock.swift in Sources */ = {isa = PBXBuildFile; fileRef = C8A6AFEA278CDB9A00A3B80D /* TitleBlock.swift */; };
		C8A6AFEE278D8EEC00A3B80D /* BigStandartButton.swift in Sources */ = {isa = PBXBuildFile; fileRef = C8A6AFED278D8EEC00A3B80D /* BigStandartButton.swift */; };
		C8A6AFF0278D963B00A3B80D /* Constants.swift in Sources */ = {isa = PBXBuildFile; fileRef = C8A6AFEF278D963B00A3B80D /* Constants.swift */; };
		C8A6AFF2278D9A4000A3B80D /* Shadow.swift in Sources */ = {isa = PBXBuildFile; fileRef = C8A6AFF1278D9A4000A3B80D /* Shadow.swift */; };
		C8AE9C902798945B000B6D72 /* UserProfession.swift in Sources */ = {isa = PBXBuildFile; fileRef = C8AE9C8F2798945B000B6D72 /* UserProfession.swift */; };
		C8AE9C9227989932000B6D72 /* AuthFetcherServices.swift in Sources */ = {isa = PBXBuildFile; fileRef = C8AE9C9127989932000B6D72 /* AuthFetcherServices.swift */; };
		C8B06F2527552CF700177330 /* HomeView.swift in Sources */ = {isa = PBXBuildFile; fileRef = C8B06F2427552CF700177330 /* HomeView.swift */; };
		C8B06F272755593C00177330 /* StandartButton.swift in Sources */ = {isa = PBXBuildFile; fileRef = C8B06F262755593C00177330 /* StandartButton.swift */; };
		C8CA118D27C11635009ED143 /* SelectContentView.swift in Sources */ = {isa = PBXBuildFile; fileRef = C8CA118C27C11635009ED143 /* SelectContentView.swift */; };
		C8CA119027C127E9009ED143 /* ContentType.swift in Sources */ = {isa = PBXBuildFile; fileRef = C8CA118F27C127E9009ED143 /* ContentType.swift */; };
		C8CA119227C1282A009ED143 /* UploadContentView.swift in Sources */ = {isa = PBXBuildFile; fileRef = C8CA119127C1282A009ED143 /* UploadContentView.swift */; };
		C8CE4859277A612A001CF60A /* ContentCard.swift in Sources */ = {isa = PBXBuildFile; fileRef = C8CE4858277A612A001CF60A /* ContentCard.swift */; };
		C8D8DAD1275A9D4C009A0552 /* Animation + Extension.swift in Sources */ = {isa = PBXBuildFile; fileRef = C8D8DAD0275A9D4C009A0552 /* Animation + Extension.swift */; };
		C8D8DAF3275C1C2A009A0552 /* NetworkService.swift in Sources */ = {isa = PBXBuildFile; fileRef = C8D8DAF2275C1C2A009A0552 /* NetworkService.swift */; };
		C8D8DAF6275C337C009A0552 /* UserModel.swift in Sources */ = {isa = PBXBuildFile; fileRef = C8D8DAF5275C337C009A0552 /* UserModel.swift */; };
		C8DB70DC2774DA430031EF90 /* FolderRectangleCardView.swift in Sources */ = {isa = PBXBuildFile; fileRef = C8DB70DB2774DA430031EF90 /* FolderRectangleCardView.swift */; };
		C8DB70DF277539810031EF90 /* UserWorksView.swift in Sources */ = {isa = PBXBuildFile; fileRef = C8DB70DE277539810031EF90 /* UserWorksView.swift */; };
		C8DB70E227753A370031EF90 /* UserWorksViewModel.swift in Sources */ = {isa = PBXBuildFile; fileRef = C8DB70E127753A370031EF90 /* UserWorksViewModel.swift */; };
		C8E584AB274983F20057B309 /* SoulmateApp.swift in Sources */ = {isa = PBXBuildFile; fileRef = C8E584AA274983F20057B309 /* SoulmateApp.swift */; };
		C8E584AD274983F20057B309 /* ProfileView.swift in Sources */ = {isa = PBXBuildFile; fileRef = C8E584AC274983F20057B309 /* ProfileView.swift */; };
		C8E584AF274983F30057B309 /* Assets.xcassets in Resources */ = {isa = PBXBuildFile; fileRef = C8E584AE274983F30057B309 /* Assets.xcassets */; };
		C8E584B2274983F30057B309 /* Preview Assets.xcassets in Resources */ = {isa = PBXBuildFile; fileRef = C8E584B1274983F30057B309 /* Preview Assets.xcassets */; };
		C8E584BB27498A7A0057B309 /* ProfileViewModel.swift in Sources */ = {isa = PBXBuildFile; fileRef = C8E584BA27498A7A0057B309 /* ProfileViewModel.swift */; };
		C8EB7B2427997EA300883493 /* BannerModifier.swift in Sources */ = {isa = PBXBuildFile; fileRef = C8EB7B2327997EA300883493 /* BannerModifier.swift */; };
		C8F17D8627568FFB00BC6A44 /* FoldersView.swift in Sources */ = {isa = PBXBuildFile; fileRef = C8F17D8527568FFB00BC6A44 /* FoldersView.swift */; };
		C8F17D88275692E100BC6A44 /* MockService.swift in Sources */ = {isa = PBXBuildFile; fileRef = C8F17D87275692E100BC6A44 /* MockService.swift */; };
		C8F17D8A2756943700BC6A44 /* ProfessionalSpheres.swift in Sources */ = {isa = PBXBuildFile; fileRef = C8F17D892756943700BC6A44 /* ProfessionalSpheres.swift */; };
		C8F17D8C275697E700BC6A44 /* HomeViewModel.swift in Sources */ = {isa = PBXBuildFile; fileRef = C8F17D8B275697E700BC6A44 /* HomeViewModel.swift */; };
		C8F17D8F2756BFA400BC6A44 /* SearchView.swift in Sources */ = {isa = PBXBuildFile; fileRef = C8F17D8E2756BFA400BC6A44 /* SearchView.swift */; };
		C8F17D912756BFAE00BC6A44 /* SearchViewModel.swift in Sources */ = {isa = PBXBuildFile; fileRef = C8F17D902756BFAE00BC6A44 /* SearchViewModel.swift */; };
		C8F8866127C905EB000C3E13 /* RegisterViewModel.swift in Sources */ = {isa = PBXBuildFile; fileRef = C8F8866027C905EB000C3E13 /* RegisterViewModel.swift */; };
/* End PBXBuildFile section */

/* Begin PBXFileReference section */
		C803E6B3278F4C56009D4BBE /* SuitableUsersView.swift */ = {isa = PBXFileReference; lastKnownFileType = sourcecode.swift; path = SuitableUsersView.swift; sourceTree = "<group>"; };
		C803E6B7278F5347009D4BBE /* SuitableUsersViewModel.swift */ = {isa = PBXFileReference; lastKnownFileType = sourcecode.swift; path = SuitableUsersViewModel.swift; sourceTree = "<group>"; };
		C8135722276354C00072B1F7 /* DisplayView.swift */ = {isa = PBXFileReference; lastKnownFileType = sourcecode.swift; path = DisplayView.swift; sourceTree = "<group>"; };
		C8135724276354EA0072B1F7 /* DisplayContentView.swift */ = {isa = PBXFileReference; lastKnownFileType = sourcecode.swift; path = DisplayContentView.swift; sourceTree = "<group>"; };
		C81357282763552E0072B1F7 /* CustomTabBar.swift */ = {isa = PBXFileReference; lastKnownFileType = sourcecode.swift; path = CustomTabBar.swift; sourceTree = "<group>"; };
		C813572A276355410072B1F7 /* TabButton.swift */ = {isa = PBXFileReference; lastKnownFileType = sourcecode.swift; path = TabButton.swift; sourceTree = "<group>"; };
		C813572C276355580072B1F7 /* TabBarViewModel.swift */ = {isa = PBXFileReference; lastKnownFileType = sourcecode.swift; path = TabBarViewModel.swift; sourceTree = "<group>"; };
		C819193527BEE564009AC7C6 /* KeychainModels.swift */ = {isa = PBXFileReference; lastKnownFileType = sourcecode.swift; path = KeychainModels.swift; sourceTree = "<group>"; };
		C819193727BEEDDE009AC7C6 /* ResultModel.swift */ = {isa = PBXFileReference; lastKnownFileType = sourcecode.swift; path = ResultModel.swift; sourceTree = "<group>"; };
		C819193927BEEE49009AC7C6 /* ServiceUrl.swift */ = {isa = PBXFileReference; lastKnownFileType = sourcecode.swift; path = ServiceUrl.swift; sourceTree = "<group>"; };
		C819193B27BF8B56009AC7C6 /* String + Extension.swift */ = {isa = PBXFileReference; lastKnownFileType = sourcecode.swift; path = "String + Extension.swift"; sourceTree = "<group>"; };
		C819194127C031DC009AC7C6 /* BottomSheetView.swift */ = {isa = PBXFileReference; lastKnownFileType = sourcecode.swift; path = BottomSheetView.swift; sourceTree = "<group>"; };
		C819EE7A279201810011676F /* UIScreen + Extension.swift */ = {isa = PBXFileReference; lastKnownFileType = sourcecode.swift; path = "UIScreen + Extension.swift"; sourceTree = "<group>"; };
		C819EE7C279380150011676F /* AboutUserViewModel.swift */ = {isa = PBXFileReference; lastKnownFileType = sourcecode.swift; path = AboutUserViewModel.swift; sourceTree = "<group>"; };
		C819EE7F279381600011676F /* WorkPlacesModel.swift */ = {isa = PBXFileReference; lastKnownFileType = sourcecode.swift; path = WorkPlacesModel.swift; sourceTree = "<group>"; };
		C81F1028277BBB6B006787E0 /* HomeModel.swift */ = {isa = PBXFileReference; lastKnownFileType = sourcecode.swift; path = HomeModel.swift; sourceTree = "<group>"; };
		C81F102A277BBC65006787E0 /* WorkCardView.swift */ = {isa = PBXFileReference; lastKnownFileType = sourcecode.swift; path = WorkCardView.swift; sourceTree = "<group>"; };
		C81F102F277BC2A0006787E0 /* FolderModel.swift */ = {isa = PBXFileReference; lastKnownFileType = sourcecode.swift; path = FolderModel.swift; sourceTree = "<group>"; };
		C81F1031277BCAB2006787E0 /* DataFetcherServices.swift */ = {isa = PBXFileReference; lastKnownFileType = sourcecode.swift; path = DataFetcherServices.swift; sourceTree = "<group>"; };
		C81F8A642795BC7B0085A641 /* AuthenticationViewModel.swift */ = {isa = PBXFileReference; lastKnownFileType = sourcecode.swift; path = AuthenticationViewModel.swift; sourceTree = "<group>"; };
		C81F8A672795F0D90085A641 /* ShakeEffect.swift */ = {isa = PBXFileReference; lastKnownFileType = sourcecode.swift; path = ShakeEffect.swift; sourceTree = "<group>"; };
		C83D80F227C9082C00704709 /* PhotoPickerView.swift */ = {isa = PBXFileReference; lastKnownFileType = sourcecode.swift; path = PhotoPickerView.swift; sourceTree = "<group>"; };
		C83D80F827CA427B00704709 /* SphereCell.swift */ = {isa = PBXFileReference; lastKnownFileType = sourcecode.swift; path = SphereCell.swift; sourceTree = "<group>"; };
		C842574327501F8D009C405C /* Montserrat-Black.ttf */ = {isa = PBXFileReference; lastKnownFileType = file; path = "Montserrat-Black.ttf"; sourceTree = "<group>"; };
		C842574527501FCA009C405C /* Montserrat-Light.ttf */ = {isa = PBXFileReference; lastKnownFileType = file; path = "Montserrat-Light.ttf"; sourceTree = "<group>"; };
		C842574627501FCA009C405C /* Montserrat-ExtraLight.ttf */ = {isa = PBXFileReference; lastKnownFileType = file; path = "Montserrat-ExtraLight.ttf"; sourceTree = "<group>"; };
		C842574727501FCA009C405C /* Montserrat-Thin.ttf */ = {isa = PBXFileReference; lastKnownFileType = file; path = "Montserrat-Thin.ttf"; sourceTree = "<group>"; };
		C842574827501FCA009C405C /* Montserrat-Bold.ttf */ = {isa = PBXFileReference; lastKnownFileType = file; path = "Montserrat-Bold.ttf"; sourceTree = "<group>"; };
		C842574927501FCA009C405C /* Montserrat-Regular.ttf */ = {isa = PBXFileReference; lastKnownFileType = file; path = "Montserrat-Regular.ttf"; sourceTree = "<group>"; };
		C842574A27501FCA009C405C /* Montserrat-ExtraBold.ttf */ = {isa = PBXFileReference; lastKnownFileType = file; path = "Montserrat-ExtraBold.ttf"; sourceTree = "<group>"; };
		C842574B27501FCA009C405C /* Montserrat-Medium.ttf */ = {isa = PBXFileReference; lastKnownFileType = file; path = "Montserrat-Medium.ttf"; sourceTree = "<group>"; };
		C842574C27501FCA009C405C /* Montserrat-SemiBold.ttf */ = {isa = PBXFileReference; lastKnownFileType = file; path = "Montserrat-SemiBold.ttf"; sourceTree = "<group>"; };
		C8425755275021F2009C405C /* Info.plist */ = {isa = PBXFileReference; lastKnownFileType = text.plist; path = Info.plist; sourceTree = "<group>"; };
		C842575627502473009C405C /* ThemeFont.swift */ = {isa = PBXFileReference; lastKnownFileType = sourcecode.swift; path = ThemeFont.swift; sourceTree = "<group>"; };
		C842575927502973009C405C /* Color + Extension.swift */ = {isa = PBXFileReference; lastKnownFileType = sourcecode.swift; path = "Color + Extension.swift"; sourceTree = "<group>"; };
		C842576227527DF5009C405C /* ColumnModel.swift */ = {isa = PBXFileReference; lastKnownFileType = sourcecode.swift; path = ColumnModel.swift; sourceTree = "<group>"; };
		C842576627527E2D009C405C /* GridView.swift */ = {isa = PBXFileReference; lastKnownFileType = sourcecode.swift; path = GridView.swift; sourceTree = "<group>"; };
		C842576B275283FF009C405C /* BackButton.swift */ = {isa = PBXFileReference; lastKnownFileType = sourcecode.swift; path = BackButton.swift; sourceTree = "<group>"; };
		C842576D275286E3009C405C /* PluralLocalized.swift */ = {isa = PBXFileReference; lastKnownFileType = sourcecode.swift; path = PluralLocalized.swift; sourceTree = "<group>"; };
		C851BC0A2763E606007A725E /* FoldersViewModel.swift */ = {isa = PBXFileReference; lastKnownFileType = sourcecode.swift; path = FoldersViewModel.swift; sourceTree = "<group>"; };
		C8523CFD2794CC5800FF6536 /* AuthenticationView.swift */ = {isa = PBXFileReference; lastKnownFileType = sourcecode.swift; path = AuthenticationView.swift; sourceTree = "<group>"; };
		C8523CFF2794CD9600FF6536 /* CustomTextField.swift */ = {isa = PBXFileReference; lastKnownFileType = sourcecode.swift; path = CustomTextField.swift; sourceTree = "<group>"; };
		C85AF642278C8DB0008034FE /* CustomNavigationLink.swift */ = {isa = PBXFileReference; lastKnownFileType = sourcecode.swift; path = CustomNavigationLink.swift; sourceTree = "<group>"; };
		C85AF644278CC034008034FE /* AboutUserView.swift */ = {isa = PBXFileReference; lastKnownFileType = sourcecode.swift; path = AboutUserView.swift; sourceTree = "<group>"; };
		C85AF646278CC0A9008034FE /* BigTextBlock.swift */ = {isa = PBXFileReference; lastKnownFileType = sourcecode.swift; path = BigTextBlock.swift; sourceTree = "<group>"; };
		C86A8F472772155100CEBCC8 /* WalkthroughModel.swift */ = {isa = PBXFileReference; lastKnownFileType = sourcecode.swift; path = WalkthroughModel.swift; sourceTree = "<group>"; };
		C86C556527971C4B000710DD /* AuthValidators.swift */ = {isa = PBXFileReference; lastKnownFileType = sourcecode.swift; path = AuthValidators.swift; sourceTree = "<group>"; };
		C86C556727975674000710DD /* AuthErrors.swift */ = {isa = PBXFileReference; lastKnownFileType = sourcecode.swift; path = AuthErrors.swift; sourceTree = "<group>"; };
		C875324427BBCD36004DED24 /* KeychainService.swift */ = {isa = PBXFileReference; lastKnownFileType = sourcecode.swift; path = KeychainService.swift; sourceTree = "<group>"; };
		C87609B127EB4AF7004040F2 /* CardModel.swift */ = {isa = PBXFileReference; lastKnownFileType = sourcecode.swift; path = CardModel.swift; sourceTree = "<group>"; };
		C87609B327EB4FB9004040F2 /* Avatars.swift */ = {isa = PBXFileReference; lastKnownFileType = sourcecode.swift; path = Avatars.swift; sourceTree = "<group>"; };
		C8787BF127ECA18D00E11926 /* ResponseError.swift */ = {isa = PBXFileReference; lastKnownFileType = sourcecode.swift; path = ResponseError.swift; sourceTree = "<group>"; };
		C8787BF427ECA6D100E11926 /* KeychainServiceError.swift */ = {isa = PBXFileReference; lastKnownFileType = sourcecode.swift; name = KeychainServiceError.swift; path = ../Token/KeychainServiceError.swift; sourceTree = "<group>"; };
		C883A3DE27C2AFDE00EA9CC2 /* RegisterView.swift */ = {isa = PBXFileReference; lastKnownFileType = sourcecode.swift; path = RegisterView.swift; sourceTree = "<group>"; };
		C883A3E027C2B03E00EA9CC2 /* LinearGradient + Extension.swift */ = {isa = PBXFileReference; lastKnownFileType = sourcecode.swift; path = "LinearGradient + Extension.swift"; sourceTree = "<group>"; };
		C883A3E227C2E07B00EA9CC2 /* TokenService.swift */ = {isa = PBXFileReference; lastKnownFileType = sourcecode.swift; path = TokenService.swift; sourceTree = "<group>"; };
		C884135B27614C26004C21C3 /* ProfileBaseInfoView.swift */ = {isa = PBXFileReference; lastKnownFileType = sourcecode.swift; path = ProfileBaseInfoView.swift; sourceTree = "<group>"; };
		C884135D27615F91004C21C3 /* HexColor + Extension.swift */ = {isa = PBXFileReference; lastKnownFileType = sourcecode.swift; path = "HexColor + Extension.swift"; sourceTree = "<group>"; };
		C88643FF275979E600BC1B06 /* ContentBlock.swift */ = {isa = PBXFileReference; lastKnownFileType = sourcecode.swift; path = ContentBlock.swift; sourceTree = "<group>"; };
		C8864401275A064800BC1B06 /* LongButton.swift */ = {isa = PBXFileReference; lastKnownFileType = sourcecode.swift; path = LongButton.swift; sourceTree = "<group>"; };
		C8864404275A110800BC1B06 /* FolderStrokeCardView.swift */ = {isa = PBXFileReference; lastKnownFileType = sourcecode.swift; path = FolderStrokeCardView.swift; sourceTree = "<group>"; };
		C888EF8727CE63930012AE64 /* loadingLottie.json */ = {isa = PBXFileReference; fileEncoding = 4; lastKnownFileType = text.json; path = loadingLottie.json; sourceTree = "<group>"; };
		C899129527D3487A003180BB /* LottieView.swift */ = {isa = PBXFileReference; lastKnownFileType = sourcecode.swift; path = LottieView.swift; sourceTree = "<group>"; };
		C899129927D34E57003180BB /* LoadingViewModifier.swift */ = {isa = PBXFileReference; lastKnownFileType = sourcecode.swift; path = LoadingViewModifier.swift; sourceTree = "<group>"; };
		C8A3F26F277A3CC400C6435A /* CustomNavigationView.swift */ = {isa = PBXFileReference; lastKnownFileType = sourcecode.swift; path = CustomNavigationView.swift; sourceTree = "<group>"; };
		C8A6AFEA278CDB9A00A3B80D /* TitleBlock.swift */ = {isa = PBXFileReference; lastKnownFileType = sourcecode.swift; path = TitleBlock.swift; sourceTree = "<group>"; };
		C8A6AFED278D8EEC00A3B80D /* BigStandartButton.swift */ = {isa = PBXFileReference; lastKnownFileType = sourcecode.swift; path = BigStandartButton.swift; sourceTree = "<group>"; };
		C8A6AFEF278D963B00A3B80D /* Constants.swift */ = {isa = PBXFileReference; lastKnownFileType = sourcecode.swift; path = Constants.swift; sourceTree = "<group>"; };
		C8A6AFF1278D9A4000A3B80D /* Shadow.swift */ = {isa = PBXFileReference; lastKnownFileType = sourcecode.swift; path = Shadow.swift; sourceTree = "<group>"; };
		C8AE9C8F2798945B000B6D72 /* UserProfession.swift */ = {isa = PBXFileReference; lastKnownFileType = sourcecode.swift; path = UserProfession.swift; sourceTree = "<group>"; };
		C8AE9C9127989932000B6D72 /* AuthFetcherServices.swift */ = {isa = PBXFileReference; lastKnownFileType = sourcecode.swift; path = AuthFetcherServices.swift; sourceTree = "<group>"; };
		C8B06F2427552CF700177330 /* HomeView.swift */ = {isa = PBXFileReference; lastKnownFileType = sourcecode.swift; path = HomeView.swift; sourceTree = "<group>"; };
		C8B06F262755593C00177330 /* StandartButton.swift */ = {isa = PBXFileReference; lastKnownFileType = sourcecode.swift; path = StandartButton.swift; sourceTree = "<group>"; };
		C8CA118C27C11635009ED143 /* SelectContentView.swift */ = {isa = PBXFileReference; lastKnownFileType = sourcecode.swift; path = SelectContentView.swift; sourceTree = "<group>"; };
		C8CA118F27C127E9009ED143 /* ContentType.swift */ = {isa = PBXFileReference; lastKnownFileType = sourcecode.swift; path = ContentType.swift; sourceTree = "<group>"; };
		C8CA119127C1282A009ED143 /* UploadContentView.swift */ = {isa = PBXFileReference; lastKnownFileType = sourcecode.swift; path = UploadContentView.swift; sourceTree = "<group>"; };
		C8CE4858277A612A001CF60A /* ContentCard.swift */ = {isa = PBXFileReference; lastKnownFileType = sourcecode.swift; path = ContentCard.swift; sourceTree = "<group>"; };
		C8D8DAD0275A9D4C009A0552 /* Animation + Extension.swift */ = {isa = PBXFileReference; lastKnownFileType = sourcecode.swift; path = "Animation + Extension.swift"; sourceTree = "<group>"; };
		C8D8DAF2275C1C2A009A0552 /* NetworkService.swift */ = {isa = PBXFileReference; lastKnownFileType = sourcecode.swift; path = NetworkService.swift; sourceTree = "<group>"; };
		C8D8DAF5275C337C009A0552 /* UserModel.swift */ = {isa = PBXFileReference; lastKnownFileType = sourcecode.swift; path = UserModel.swift; sourceTree = "<group>"; };
		C8DB70DB2774DA430031EF90 /* FolderRectangleCardView.swift */ = {isa = PBXFileReference; lastKnownFileType = sourcecode.swift; path = FolderRectangleCardView.swift; sourceTree = "<group>"; };
		C8DB70DE277539810031EF90 /* UserWorksView.swift */ = {isa = PBXFileReference; lastKnownFileType = sourcecode.swift; path = UserWorksView.swift; sourceTree = "<group>"; };
		C8DB70E127753A370031EF90 /* UserWorksViewModel.swift */ = {isa = PBXFileReference; lastKnownFileType = sourcecode.swift; path = UserWorksViewModel.swift; sourceTree = "<group>"; };
		C8E584A7274983F20057B309 /* Soulmate.app */ = {isa = PBXFileReference; explicitFileType = wrapper.application; includeInIndex = 0; path = Soulmate.app; sourceTree = BUILT_PRODUCTS_DIR; };
		C8E584AA274983F20057B309 /* SoulmateApp.swift */ = {isa = PBXFileReference; lastKnownFileType = sourcecode.swift; path = SoulmateApp.swift; sourceTree = "<group>"; };
		C8E584AC274983F20057B309 /* ProfileView.swift */ = {isa = PBXFileReference; lastKnownFileType = sourcecode.swift; path = ProfileView.swift; sourceTree = "<group>"; };
		C8E584AE274983F30057B309 /* Assets.xcassets */ = {isa = PBXFileReference; lastKnownFileType = folder.assetcatalog; path = Assets.xcassets; sourceTree = "<group>"; };
		C8E584B1274983F30057B309 /* Preview Assets.xcassets */ = {isa = PBXFileReference; lastKnownFileType = folder.assetcatalog; path = "Preview Assets.xcassets"; sourceTree = "<group>"; };
		C8E584BA27498A7A0057B309 /* ProfileViewModel.swift */ = {isa = PBXFileReference; lastKnownFileType = sourcecode.swift; path = ProfileViewModel.swift; sourceTree = "<group>"; };
		C8EB7B2327997EA300883493 /* BannerModifier.swift */ = {isa = PBXFileReference; lastKnownFileType = sourcecode.swift; path = BannerModifier.swift; sourceTree = "<group>"; };
		C8F17D8527568FFB00BC6A44 /* FoldersView.swift */ = {isa = PBXFileReference; lastKnownFileType = sourcecode.swift; path = FoldersView.swift; sourceTree = "<group>"; };
		C8F17D87275692E100BC6A44 /* MockService.swift */ = {isa = PBXFileReference; lastKnownFileType = sourcecode.swift; path = MockService.swift; sourceTree = "<group>"; };
		C8F17D892756943700BC6A44 /* ProfessionalSpheres.swift */ = {isa = PBXFileReference; lastKnownFileType = sourcecode.swift; path = ProfessionalSpheres.swift; sourceTree = "<group>"; };
		C8F17D8B275697E700BC6A44 /* HomeViewModel.swift */ = {isa = PBXFileReference; lastKnownFileType = sourcecode.swift; path = HomeViewModel.swift; sourceTree = "<group>"; };
		C8F17D8E2756BFA400BC6A44 /* SearchView.swift */ = {isa = PBXFileReference; lastKnownFileType = sourcecode.swift; path = SearchView.swift; sourceTree = "<group>"; };
		C8F17D902756BFAE00BC6A44 /* SearchViewModel.swift */ = {isa = PBXFileReference; lastKnownFileType = sourcecode.swift; path = SearchViewModel.swift; sourceTree = "<group>"; };
		C8F8866027C905EB000C3E13 /* RegisterViewModel.swift */ = {isa = PBXFileReference; lastKnownFileType = sourcecode.swift; path = RegisterViewModel.swift; sourceTree = "<group>"; };
/* End PBXFileReference section */

/* Begin PBXFrameworksBuildPhase section */
		C8E584A4274983F20057B309 /* Frameworks */ = {
			isa = PBXFrameworksBuildPhase;
			buildActionMask = 2147483647;
			files = (
				C86DD36D27D283EE00F6D43B /* Lottie in Frameworks */,
			);
			runOnlyForDeploymentPostprocessing = 0;
		};
/* End PBXFrameworksBuildPhase section */

/* Begin PBXGroup section */
		C803E6B0278F4AF7009D4BBE /* Works preview */ = {
			isa = PBXGroup;
			children = (
				C8DB70DE277539810031EF90 /* UserWorksView.swift */,
				C8DB70E127753A370031EF90 /* UserWorksViewModel.swift */,
			);
			path = "Works preview";
			sourceTree = "<group>";
		};
		C803E6B1278F4B02009D4BBE /* Work */ = {
			isa = PBXGroup;
			children = (
				C81F102A277BBC65006787E0 /* WorkCardView.swift */,
			);
			path = Work;
			sourceTree = "<group>";
		};
		C803E6B2278F4BAB009D4BBE /* Suitable Users */ = {
			isa = PBXGroup;
			children = (
				C803E6B3278F4C56009D4BBE /* SuitableUsersView.swift */,
				C803E6B7278F5347009D4BBE /* SuitableUsersViewModel.swift */,
			);
			path = "Suitable Users";
			sourceTree = "<group>";
		};
		C8135721276354A70072B1F7 /* Display */ = {
			isa = PBXGroup;
			children = (
				C8135722276354C00072B1F7 /* DisplayView.swift */,
				C8135724276354EA0072B1F7 /* DisplayContentView.swift */,
				C841CA4C2777AF6B00AC6610 /* Navigation */,
				C81357272763551B0072B1F7 /* TabBar */,
			);
			path = Display;
			sourceTree = "<group>";
		};
		C81357272763551B0072B1F7 /* TabBar */ = {
			isa = PBXGroup;
			children = (
				C81357282763552E0072B1F7 /* CustomTabBar.swift */,
				C813572A276355410072B1F7 /* TabButton.swift */,
				C813572C276355580072B1F7 /* TabBarViewModel.swift */,
			);
			path = TabBar;
			sourceTree = "<group>";
		};
		C819EE7E2793802E0011676F /* About User */ = {
			isa = PBXGroup;
			children = (
				C85AF644278CC034008034FE /* AboutUserView.swift */,
				C819EE7C279380150011676F /* AboutUserViewModel.swift */,
			);
			path = "About User";
			sourceTree = "<group>";
		};
		C81F102E277BC1EC006787E0 /* UI models */ = {
			isa = PBXGroup;
			children = (
				C842576227527DF5009C405C /* ColumnModel.swift */,
				C86A8F472772155100CEBCC8 /* WalkthroughModel.swift */,
			);
			path = "UI models";
			sourceTree = "<group>";
		};
		C81F8A662795F0C70085A641 /* Animation */ = {
			isa = PBXGroup;
			children = (
				C8D8DAD0275A9D4C009A0552 /* Animation + Extension.swift */,
				C81F8A672795F0D90085A641 /* ShakeEffect.swift */,
			);
			path = Animation;
			sourceTree = "<group>";
		};
		C81F8A692795F8F30085A641 /* Network */ = {
			isa = PBXGroup;
			children = (
				C8D8DAF2275C1C2A009A0552 /* NetworkService.swift */,
				C81F1031277BCAB2006787E0 /* DataFetcherServices.swift */,
				C8AE9C9127989932000B6D72 /* AuthFetcherServices.swift */,
				C8787BF127ECA18D00E11926 /* ResponseError.swift */,
			);
			path = Network;
			sourceTree = "<group>";
		};
		C83D80F427C9086100704709 /* Blocks */ = {
			isa = PBXGroup;
			children = (
				C85AF646278CC0A9008034FE /* BigTextBlock.swift */,
				C88643FF275979E600BC1B06 /* ContentBlock.swift */,
				C8A6AFEA278CDB9A00A3B80D /* TitleBlock.swift */,
			);
			path = Blocks;
			sourceTree = "<group>";
		};
		C83D80F527C9118100704709 /* Auth Helpers */ = {
			isa = PBXGroup;
			children = (
				C86C556727975674000710DD /* AuthErrors.swift */,
				C86C556527971C4B000710DD /* AuthValidators.swift */,
			);
			path = "Auth Helpers";
			sourceTree = "<group>";
		};
		C841CA4C2777AF6B00AC6610 /* Navigation */ = {
			isa = PBXGroup;
			children = (
				C8A3F26F277A3CC400C6435A /* CustomNavigationView.swift */,
				C85AF642278C8DB0008034FE /* CustomNavigationLink.swift */,
			);
			path = Navigation;
			sourceTree = "<group>";
		};
		C842574127501CEC009C405C /* Views */ = {
			isa = PBXGroup;
			children = (
				C8523CFC2794CBC800FF6536 /* Sign In & Register */,
				C8135721276354A70072B1F7 /* Display */,
				C8F17D8D2756986700BC6A44 /* Home */,
				C842576427527E16009C405C /* Profile */,
				C8F17D8427568FE800BC6A44 /* Folders */,
				C8CA118E27C1275E009ED143 /* Upload content */,
				C8DB70DD2775393C0031EF90 /* Works */,
				C842576A275283EB009C405C /* Common */,
			);
			path = Views;
			sourceTree = "<group>";
		};
		C842574227501F7C009C405C /* Fonts */ = {
			isa = PBXGroup;
			children = (
				C842574827501FCA009C405C /* Montserrat-Bold.ttf */,
				C842574A27501FCA009C405C /* Montserrat-ExtraBold.ttf */,
				C842574627501FCA009C405C /* Montserrat-ExtraLight.ttf */,
				C842574527501FCA009C405C /* Montserrat-Light.ttf */,
				C842574B27501FCA009C405C /* Montserrat-Medium.ttf */,
				C842574927501FCA009C405C /* Montserrat-Regular.ttf */,
				C842574C27501FCA009C405C /* Montserrat-SemiBold.ttf */,
				C842574727501FCA009C405C /* Montserrat-Thin.ttf */,
				C842574327501F8D009C405C /* Montserrat-Black.ttf */,
			);
			path = Fonts;
			sourceTree = "<group>";
		};
		C842575827502776009C405C /* Helpers */ = {
			isa = PBXGroup;
			children = (
				C8A6AFF4278DA34500A3B80D /* Extensions */,
				C83D80F527C9118100704709 /* Auth Helpers */,
				C842576D275286E3009C405C /* PluralLocalized.swift */,
				C8A6AFEF278D963B00A3B80D /* Constants.swift */,
			);
			path = Helpers;
			sourceTree = "<group>";
		};
		C842575F27527DB5009C405C /* Models */ = {
			isa = PBXGroup;
			children = (
				C8D8DAF4275C1F78009A0552 /* Network models */,
				C81F102E277BC1EC006787E0 /* UI models */,
				C819193527BEE564009AC7C6 /* KeychainModels.swift */,
				C819193727BEEDDE009AC7C6 /* ResultModel.swift */,
			);
			path = Models;
			sourceTree = "<group>";
		};
		C842576427527E16009C405C /* Profile */ = {
			isa = PBXGroup;
			children = (
				C8A6AFEC278D7D6D00A3B80D /* User */,
				C819EE7E2793802E0011676F /* About User */,
			);
			path = Profile;
			sourceTree = "<group>";
		};
		C842576A275283EB009C405C /* Common */ = {
			isa = PBXGroup;
			children = (
				C8A6AFF3278D9A5500A3B80D /* Modifiers */,
				C899129C27D358B3003180BB /* Views */,
			);
			path = Common;
			sourceTree = "<group>";
		};
		C8523CFC2794CBC800FF6536 /* Sign In & Register */ = {
			isa = PBXGroup;
			children = (
				C8F8866327C90622000C3E13 /* Auth */,
				C8F8866227C90619000C3E13 /* Register */,
			);
			path = "Sign In & Register";
			sourceTree = "<group>";
		};
		C8787BF327ECA6C500E11926 /* Token */ = {
			isa = PBXGroup;
			children = (
				C883A3E227C2E07B00EA9CC2 /* TokenService.swift */,
			);
			path = Token;
			sourceTree = "<group>";
		};
		C8864403275A065000BC1B06 /* Buttons */ = {
			isa = PBXGroup;
			children = (
				C842576B275283FF009C405C /* BackButton.swift */,
				C8A6AFED278D8EEC00A3B80D /* BigStandartButton.swift */,
				C8B06F262755593C00177330 /* StandartButton.swift */,
				C8864401275A064800BC1B06 /* LongButton.swift */,
			);
			path = Buttons;
			sourceTree = "<group>";
		};
		C888EF8427CE63670012AE64 /* Lottie */ = {
			isa = PBXGroup;
			children = (
				C888EF8727CE63930012AE64 /* loadingLottie.json */,
			);
			path = Lottie;
			sourceTree = "<group>";
		};
		C888EF8627CE63790012AE64 /* Assets */ = {
			isa = PBXGroup;
			children = (
				C8E584AE274983F30057B309 /* Assets.xcassets */,
				C888EF8427CE63670012AE64 /* Lottie */,
				C842574227501F7C009C405C /* Fonts */,
			);
			path = Assets;
			sourceTree = "<group>";
		};
		C899129C27D358B3003180BB /* Views */ = {
			isa = PBXGroup;
			children = (
				C81F8A662795F0C70085A641 /* Animation */,
				C8864403275A065000BC1B06 /* Buttons */,
				C83D80F427C9086100704709 /* Blocks */,
				C8523CFF2794CD9600FF6536 /* CustomTextField.swift */,
				C83D80F827CA427B00704709 /* SphereCell.swift */,
				C819194127C031DC009AC7C6 /* BottomSheetView.swift */,
				C83D80F227C9082C00704709 /* PhotoPickerView.swift */,
				C899129527D3487A003180BB /* LottieView.swift */,
			);
			path = Views;
			sourceTree = "<group>";
		};
		C8A6AFEC278D7D6D00A3B80D /* User */ = {
			isa = PBXGroup;
			children = (
				C8E584AC274983F20057B309 /* ProfileView.swift */,
				C8E584BA27498A7A0057B309 /* ProfileViewModel.swift */,
				C842576627527E2D009C405C /* GridView.swift */,
				C884135B27614C26004C21C3 /* ProfileBaseInfoView.swift */,
			);
			path = User;
			sourceTree = "<group>";
		};
		C8A6AFF3278D9A5500A3B80D /* Modifiers */ = {
			isa = PBXGroup;
			children = (
				C899129927D34E57003180BB /* LoadingViewModifier.swift */,
				C8EB7B2327997EA300883493 /* BannerModifier.swift */,
				C842575627502473009C405C /* ThemeFont.swift */,
				C8A6AFF1278D9A4000A3B80D /* Shadow.swift */,
			);
			path = Modifiers;
			sourceTree = "<group>";
		};
		C8A6AFF4278DA34500A3B80D /* Extensions */ = {
			isa = PBXGroup;
			children = (
				C842575927502973009C405C /* Color + Extension.swift */,
				C884135D27615F91004C21C3 /* HexColor + Extension.swift */,
				C883A3E027C2B03E00EA9CC2 /* LinearGradient + Extension.swift */,
				C819EE7A279201810011676F /* UIScreen + Extension.swift */,
				C819193B27BF8B56009AC7C6 /* String + Extension.swift */,
			);
			path = Extensions;
			sourceTree = "<group>";
		};
		C8AE9C8C279866E1000B6D72 /* Keychain */ = {
			isa = PBXGroup;
			children = (
				C875324427BBCD36004DED24 /* KeychainService.swift */,
				C8787BF427ECA6D100E11926 /* KeychainServiceError.swift */,
			);
			path = Keychain;
			sourceTree = "<group>";
		};
		C8B06F28275561F000177330 /* Services */ = {
			isa = PBXGroup;
			children = (
				C8AE9C8C279866E1000B6D72 /* Keychain */,
				C81F8A692795F8F30085A641 /* Network */,
				C8787BF327ECA6C500E11926 /* Token */,
				C8F17D87275692E100BC6A44 /* MockService.swift */,
				C819193927BEEE49009AC7C6 /* ServiceUrl.swift */,
			);
			path = Services;
			sourceTree = "<group>";
		};
		C8CA118E27C1275E009ED143 /* Upload content */ = {
			isa = PBXGroup;
			children = (
				C8CA118F27C127E9009ED143 /* ContentType.swift */,
				C8CA118C27C11635009ED143 /* SelectContentView.swift */,
				C8CA119127C1282A009ED143 /* UploadContentView.swift */,
			);
			path = "Upload content";
			sourceTree = "<group>";
		};
		C8D8DAF4275C1F78009A0552 /* Network models */ = {
			isa = PBXGroup;
			children = (
				C81F1028277BBB6B006787E0 /* HomeModel.swift */,
				C8D8DAF5275C337C009A0552 /* UserModel.swift */,
				C87609B327EB4FB9004040F2 /* Avatars.swift */,
				C819EE7F279381600011676F /* WorkPlacesModel.swift */,
				C8AE9C8F2798945B000B6D72 /* UserProfession.swift */,
				C81F102F277BC2A0006787E0 /* FolderModel.swift */,
				C87609B127EB4AF7004040F2 /* CardModel.swift */,
				C8F17D892756943700BC6A44 /* ProfessionalSpheres.swift */,
			);
			path = "Network models";
			sourceTree = "<group>";
		};
		C8DB70DD2775393C0031EF90 /* Works */ = {
			isa = PBXGroup;
			children = (
				C803E6B0278F4AF7009D4BBE /* Works preview */,
				C803E6B1278F4B02009D4BBE /* Work */,
			);
			path = Works;
			sourceTree = "<group>";
		};
		C8DB70E0277539AE0031EF90 /* Folder lists */ = {
			isa = PBXGroup;
			children = (
				C8864404275A110800BC1B06 /* FolderStrokeCardView.swift */,
				C8DB70DB2774DA430031EF90 /* FolderRectangleCardView.swift */,
			);
			path = "Folder lists";
			sourceTree = "<group>";
		};
		C8E5849E274983F20057B309 = {
			isa = PBXGroup;
			children = (
				C8E584A9274983F20057B309 /* Soulmate */,
				C8E584A8274983F20057B309 /* Products */,
			);
			sourceTree = "<group>";
		};
		C8E584A8274983F20057B309 /* Products */ = {
			isa = PBXGroup;
			children = (
				C8E584A7274983F20057B309 /* Soulmate.app */,
			);
			name = Products;
			sourceTree = "<group>";
		};
		C8E584A9274983F20057B309 /* Soulmate */ = {
			isa = PBXGroup;
			children = (
				C8E584AA274983F20057B309 /* SoulmateApp.swift */,
				C8B06F28275561F000177330 /* Services */,
				C842575F27527DB5009C405C /* Models */,
				C842574127501CEC009C405C /* Views */,
				C842575827502776009C405C /* Helpers */,
				C888EF8627CE63790012AE64 /* Assets */,
				C8425755275021F2009C405C /* Info.plist */,
				C8E584B0274983F30057B309 /* Preview Content */,
			);
			path = Soulmate;
			sourceTree = "<group>";
		};
		C8E584B0274983F30057B309 /* Preview Content */ = {
			isa = PBXGroup;
			children = (
				C8E584B1274983F30057B309 /* Preview Assets.xcassets */,
			);
			path = "Preview Content";
			sourceTree = "<group>";
		};
		C8F17D8427568FE800BC6A44 /* Folders */ = {
			isa = PBXGroup;
			children = (
				C8F17D8527568FFB00BC6A44 /* FoldersView.swift */,
				C851BC0A2763E606007A725E /* FoldersViewModel.swift */,
				C8DB70E0277539AE0031EF90 /* Folder lists */,
			);
			path = Folders;
			sourceTree = "<group>";
		};
		C8F17D8D2756986700BC6A44 /* Home */ = {
			isa = PBXGroup;
			children = (
				C8B06F2427552CF700177330 /* HomeView.swift */,
				C8F17D8B275697E700BC6A44 /* HomeViewModel.swift */,
				C8CE4858277A612A001CF60A /* ContentCard.swift */,
				C8F17D922756BFB300BC6A44 /* Search */,
				C803E6B2278F4BAB009D4BBE /* Suitable Users */,
			);
			path = Home;
			sourceTree = "<group>";
		};
		C8F17D922756BFB300BC6A44 /* Search */ = {
			isa = PBXGroup;
			children = (
				C8F17D8E2756BFA400BC6A44 /* SearchView.swift */,
				C8F17D902756BFAE00BC6A44 /* SearchViewModel.swift */,
			);
			path = Search;
			sourceTree = "<group>";
		};
		C8F8866227C90619000C3E13 /* Register */ = {
			isa = PBXGroup;
			children = (
				C883A3DE27C2AFDE00EA9CC2 /* RegisterView.swift */,
				C8F8866027C905EB000C3E13 /* RegisterViewModel.swift */,
			);
			path = Register;
			sourceTree = "<group>";
		};
		C8F8866327C90622000C3E13 /* Auth */ = {
			isa = PBXGroup;
			children = (
				C8523CFD2794CC5800FF6536 /* AuthenticationView.swift */,
				C81F8A642795BC7B0085A641 /* AuthenticationViewModel.swift */,
			);
			path = Auth;
			sourceTree = "<group>";
		};
/* End PBXGroup section */

/* Begin PBXNativeTarget section */
		C8E584A6274983F20057B309 /* Soulmate */ = {
			isa = PBXNativeTarget;
			buildConfigurationList = C8E584B5274983F30057B309 /* Build configuration list for PBXNativeTarget "Soulmate" */;
			buildPhases = (
				C8E584A3274983F20057B309 /* Sources */,
				C8E584A4274983F20057B309 /* Frameworks */,
				C8E584A5274983F20057B309 /* Resources */,
			);
			buildRules = (
			);
			dependencies = (
			);
			name = Soulmate;
			packageProductDependencies = (
				C86DD36C27D283EE00F6D43B /* Lottie */,
			);
			productName = Soulmate;
			productReference = C8E584A7274983F20057B309 /* Soulmate.app */;
			productType = "com.apple.product-type.application";
		};
/* End PBXNativeTarget section */

/* Begin PBXProject section */
		C8E5849F274983F20057B309 /* Project object */ = {
			isa = PBXProject;
			attributes = {
				BuildIndependentTargetsInParallel = 1;
				LastSwiftUpdateCheck = 1310;
				LastUpgradeCheck = 1310;
				TargetAttributes = {
					C8E584A6274983F20057B309 = {
						CreatedOnToolsVersion = 13.1;
					};
				};
			};
			buildConfigurationList = C8E584A2274983F20057B309 /* Build configuration list for PBXProject "Soulmate" */;
			compatibilityVersion = "Xcode 13.0";
			developmentRegion = en;
			hasScannedForEncodings = 0;
			knownRegions = (
				en,
				Base,
			);
			mainGroup = C8E5849E274983F20057B309;
			packageReferences = (
				C86DD36B27D283EE00F6D43B /* XCRemoteSwiftPackageReference "lottie-ios" */,
			);
			productRefGroup = C8E584A8274983F20057B309 /* Products */;
			projectDirPath = "";
			projectRoot = "";
			targets = (
				C8E584A6274983F20057B309 /* Soulmate */,
			);
		};
/* End PBXProject section */

/* Begin PBXResourcesBuildPhase section */
		C8E584A5274983F20057B309 /* Resources */ = {
			isa = PBXResourcesBuildPhase;
			buildActionMask = 2147483647;
			files = (
				C842575127501FCA009C405C /* Montserrat-Regular.ttf in Resources */,
				C842575427501FCA009C405C /* Montserrat-SemiBold.ttf in Resources */,
				C842574D27501FCA009C405C /* Montserrat-Light.ttf in Resources */,
				C8E584B2274983F30057B309 /* Preview Assets.xcassets in Resources */,
				C8E584AF274983F30057B309 /* Assets.xcassets in Resources */,
				C888EF8827CE63930012AE64 /* loadingLottie.json in Resources */,
				C842574427501F8D009C405C /* Montserrat-Black.ttf in Resources */,
				C842574F27501FCA009C405C /* Montserrat-Thin.ttf in Resources */,
				C842575327501FCA009C405C /* Montserrat-Medium.ttf in Resources */,
				C842574E27501FCA009C405C /* Montserrat-ExtraLight.ttf in Resources */,
				C842575227501FCA009C405C /* Montserrat-ExtraBold.ttf in Resources */,
				C842575027501FCA009C405C /* Montserrat-Bold.ttf in Resources */,
			);
			runOnlyForDeploymentPostprocessing = 0;
		};
/* End PBXResourcesBuildPhase section */

/* Begin PBXSourcesBuildPhase section */
		C8E584A3274983F20057B309 /* Sources */ = {
			isa = PBXSourcesBuildPhase;
			buildActionMask = 2147483647;
			files = (
				C8F17D8A2756943700BC6A44 /* ProfessionalSpheres.swift in Sources */,
				C8135723276354C00072B1F7 /* DisplayView.swift in Sources */,
				C81F1029277BBB6B006787E0 /* HomeModel.swift in Sources */,
				C8F17D8F2756BFA400BC6A44 /* SearchView.swift in Sources */,
				C851BC0B2763E606007A725E /* FoldersViewModel.swift in Sources */,
				C8523D002794CD9600FF6536 /* CustomTextField.swift in Sources */,
				C8EB7B2427997EA300883493 /* BannerModifier.swift in Sources */,
				C819EE7D279380150011676F /* AboutUserViewModel.swift in Sources */,
				C8CA118D27C11635009ED143 /* SelectContentView.swift in Sources */,
				C819193827BEEDDE009AC7C6 /* ResultModel.swift in Sources */,
				C81F1030277BC2A0006787E0 /* FolderModel.swift in Sources */,
				C86C556627971C4B000710DD /* AuthValidators.swift in Sources */,
				C884135E27615F91004C21C3 /* HexColor + Extension.swift in Sources */,
				C8CA119227C1282A009ED143 /* UploadContentView.swift in Sources */,
				C81F1032277BCAB2006787E0 /* DataFetcherServices.swift in Sources */,
				C81F8A652795BC7B0085A641 /* AuthenticationViewModel.swift in Sources */,
				C819194227C031DC009AC7C6 /* BottomSheetView.swift in Sources */,
				C8AE9C902798945B000B6D72 /* UserProfession.swift in Sources */,
				C85AF647278CC0A9008034FE /* BigTextBlock.swift in Sources */,
				C83D80F327C9082C00704709 /* PhotoPickerView.swift in Sources */,
				C8B06F272755593C00177330 /* StandartButton.swift in Sources */,
				C85AF645278CC034008034FE /* AboutUserView.swift in Sources */,
				C842575A27502973009C405C /* Color + Extension.swift in Sources */,
				C8135725276354EA0072B1F7 /* DisplayContentView.swift in Sources */,
				C883A3E327C2E07B00EA9CC2 /* TokenService.swift in Sources */,
				C819193A27BEEE49009AC7C6 /* ServiceUrl.swift in Sources */,
				C842575727502473009C405C /* ThemeFont.swift in Sources */,
				C899129627D3487A003180BB /* LottieView.swift in Sources */,
				C8F8866127C905EB000C3E13 /* RegisterViewModel.swift in Sources */,
				C813572D276355580072B1F7 /* TabBarViewModel.swift in Sources */,
				C8F17D912756BFAE00BC6A44 /* SearchViewModel.swift in Sources */,
				C8F17D8627568FFB00BC6A44 /* FoldersView.swift in Sources */,
				C81F8A682795F0D90085A641 /* ShakeEffect.swift in Sources */,
				C842576E275286E3009C405C /* PluralLocalized.swift in Sources */,
				C819193627BEE564009AC7C6 /* KeychainModels.swift in Sources */,
				C819EE7B279201810011676F /* UIScreen + Extension.swift in Sources */,
				C819193C27BF8B56009AC7C6 /* String + Extension.swift in Sources */,
				C8D8DAF6275C337C009A0552 /* UserModel.swift in Sources */,
				C8A6AFEB278CDB9A00A3B80D /* TitleBlock.swift in Sources */,
				C8864405275A110800BC1B06 /* FolderStrokeCardView.swift in Sources */,
				C884135C27614C26004C21C3 /* ProfileBaseInfoView.swift in Sources */,
				C8D8DAD1275A9D4C009A0552 /* Animation + Extension.swift in Sources */,
				C842576327527DF5009C405C /* ColumnModel.swift in Sources */,
				C875324527BBCD36004DED24 /* KeychainService.swift in Sources */,
				C81357292763552E0072B1F7 /* CustomTabBar.swift in Sources */,
				C8DB70DF277539810031EF90 /* UserWorksView.swift in Sources */,
				C883A3DF27C2AFDE00EA9CC2 /* RegisterView.swift in Sources */,
				C8F17D88275692E100BC6A44 /* MockService.swift in Sources */,
				C83D80F927CA427B00704709 /* SphereCell.swift in Sources */,
				C813572B276355410072B1F7 /* TabButton.swift in Sources */,
				C8DB70E227753A370031EF90 /* UserWorksViewModel.swift in Sources */,
				C87609B427EB4FB9004040F2 /* Avatars.swift in Sources */,
				C8DB70DC2774DA430031EF90 /* FolderRectangleCardView.swift in Sources */,
				C8787BF227ECA18D00E11926 /* ResponseError.swift in Sources */,
				C86A8F482772155100CEBCC8 /* WalkthroughModel.swift in Sources */,
				C8E584AD274983F20057B309 /* ProfileView.swift in Sources */,
				C8864400275979E600BC1B06 /* ContentBlock.swift in Sources */,
				C8A6AFEE278D8EEC00A3B80D /* BigStandartButton.swift in Sources */,
				C8864402275A064800BC1B06 /* LongButton.swift in Sources */,
				C8523CFE2794CC5800FF6536 /* AuthenticationView.swift in Sources */,
				C8CA119027C127E9009ED143 /* ContentType.swift in Sources */,
				C81F102B277BBC65006787E0 /* WorkCardView.swift in Sources */,
				C899129A27D34E57003180BB /* LoadingViewModifier.swift in Sources */,
				C8A6AFF2278D9A4000A3B80D /* Shadow.swift in Sources */,
				C819EE80279381600011676F /* WorkPlacesModel.swift in Sources */,
				C883A3E127C2B03E00EA9CC2 /* LinearGradient + Extension.swift in Sources */,
				C842576C275283FF009C405C /* BackButton.swift in Sources */,
				C8AE9C9227989932000B6D72 /* AuthFetcherServices.swift in Sources */,
				C8B06F2527552CF700177330 /* HomeView.swift in Sources */,
				C803E6B4278F4C56009D4BBE /* SuitableUsersView.swift in Sources */,
				C8CE4859277A612A001CF60A /* ContentCard.swift in Sources */,
				C8A3F270277A3CC400C6435A /* CustomNavigationView.swift in Sources */,
				C8E584AB274983F20057B309 /* SoulmateApp.swift in Sources */,
				C842576727527E2D009C405C /* GridView.swift in Sources */,
				C8787BF527ECA6D100E11926 /* KeychainServiceError.swift in Sources */,
				C85AF643278C8DB0008034FE /* CustomNavigationLink.swift in Sources */,
				C8E584BB27498A7A0057B309 /* ProfileViewModel.swift in Sources */,
				C8A6AFF0278D963B00A3B80D /* Constants.swift in Sources */,
				C803E6B8278F5347009D4BBE /* SuitableUsersViewModel.swift in Sources */,
				C87609B227EB4AF7004040F2 /* CardModel.swift in Sources */,
				C86C556827975674000710DD /* AuthErrors.swift in Sources */,
				C8D8DAF3275C1C2A009A0552 /* NetworkService.swift in Sources */,
				C8F17D8C275697E700BC6A44 /* HomeViewModel.swift in Sources */,
			);
			runOnlyForDeploymentPostprocessing = 0;
		};
/* End PBXSourcesBuildPhase section */

/* Begin XCBuildConfiguration section */
		C8E584B3274983F30057B309 /* Debug */ = {
			isa = XCBuildConfiguration;
			buildSettings = {
				ALWAYS_SEARCH_USER_PATHS = NO;
				CLANG_ANALYZER_NONNULL = YES;
				CLANG_ANALYZER_NUMBER_OBJECT_CONVERSION = YES_AGGRESSIVE;
				CLANG_CXX_LANGUAGE_STANDARD = "gnu++17";
				CLANG_CXX_LIBRARY = "libc++";
				CLANG_ENABLE_MODULES = YES;
				CLANG_ENABLE_OBJC_ARC = YES;
				CLANG_ENABLE_OBJC_WEAK = YES;
				CLANG_WARN_BLOCK_CAPTURE_AUTORELEASING = YES;
				CLANG_WARN_BOOL_CONVERSION = YES;
				CLANG_WARN_COMMA = YES;
				CLANG_WARN_CONSTANT_CONVERSION = YES;
				CLANG_WARN_DEPRECATED_OBJC_IMPLEMENTATIONS = YES;
				CLANG_WARN_DIRECT_OBJC_ISA_USAGE = YES_ERROR;
				CLANG_WARN_DOCUMENTATION_COMMENTS = YES;
				CLANG_WARN_EMPTY_BODY = YES;
				CLANG_WARN_ENUM_CONVERSION = YES;
				CLANG_WARN_INFINITE_RECURSION = YES;
				CLANG_WARN_INT_CONVERSION = YES;
				CLANG_WARN_NON_LITERAL_NULL_CONVERSION = YES;
				CLANG_WARN_OBJC_IMPLICIT_RETAIN_SELF = YES;
				CLANG_WARN_OBJC_LITERAL_CONVERSION = YES;
				CLANG_WARN_OBJC_ROOT_CLASS = YES_ERROR;
				CLANG_WARN_QUOTED_INCLUDE_IN_FRAMEWORK_HEADER = YES;
				CLANG_WARN_RANGE_LOOP_ANALYSIS = YES;
				CLANG_WARN_STRICT_PROTOTYPES = YES;
				CLANG_WARN_SUSPICIOUS_MOVE = YES;
				CLANG_WARN_UNGUARDED_AVAILABILITY = YES_AGGRESSIVE;
				CLANG_WARN_UNREACHABLE_CODE = YES;
				CLANG_WARN__DUPLICATE_METHOD_MATCH = YES;
				COPY_PHASE_STRIP = NO;
				DEBUG_INFORMATION_FORMAT = dwarf;
				ENABLE_STRICT_OBJC_MSGSEND = YES;
				ENABLE_TESTABILITY = YES;
				GCC_C_LANGUAGE_STANDARD = gnu11;
				GCC_DYNAMIC_NO_PIC = NO;
				GCC_NO_COMMON_BLOCKS = YES;
				GCC_OPTIMIZATION_LEVEL = 0;
				GCC_PREPROCESSOR_DEFINITIONS = (
					"DEBUG=1",
					"$(inherited)",
				);
				GCC_WARN_64_TO_32_BIT_CONVERSION = YES;
				GCC_WARN_ABOUT_RETURN_TYPE = YES_ERROR;
				GCC_WARN_UNDECLARED_SELECTOR = YES;
				GCC_WARN_UNINITIALIZED_AUTOS = YES_AGGRESSIVE;
				GCC_WARN_UNUSED_FUNCTION = YES;
				GCC_WARN_UNUSED_VARIABLE = YES;
				IPHONEOS_DEPLOYMENT_TARGET = 15.0;
				MTL_ENABLE_DEBUG_INFO = INCLUDE_SOURCE;
				MTL_FAST_MATH = YES;
				ONLY_ACTIVE_ARCH = YES;
				SDKROOT = iphoneos;
				SWIFT_ACTIVE_COMPILATION_CONDITIONS = DEBUG;
				SWIFT_OPTIMIZATION_LEVEL = "-Onone";
			};
			name = Debug;
		};
		C8E584B4274983F30057B309 /* Release */ = {
			isa = XCBuildConfiguration;
			buildSettings = {
				ALWAYS_SEARCH_USER_PATHS = NO;
				CLANG_ANALYZER_NONNULL = YES;
				CLANG_ANALYZER_NUMBER_OBJECT_CONVERSION = YES_AGGRESSIVE;
				CLANG_CXX_LANGUAGE_STANDARD = "gnu++17";
				CLANG_CXX_LIBRARY = "libc++";
				CLANG_ENABLE_MODULES = YES;
				CLANG_ENABLE_OBJC_ARC = YES;
				CLANG_ENABLE_OBJC_WEAK = YES;
				CLANG_WARN_BLOCK_CAPTURE_AUTORELEASING = YES;
				CLANG_WARN_BOOL_CONVERSION = YES;
				CLANG_WARN_COMMA = YES;
				CLANG_WARN_CONSTANT_CONVERSION = YES;
				CLANG_WARN_DEPRECATED_OBJC_IMPLEMENTATIONS = YES;
				CLANG_WARN_DIRECT_OBJC_ISA_USAGE = YES_ERROR;
				CLANG_WARN_DOCUMENTATION_COMMENTS = YES;
				CLANG_WARN_EMPTY_BODY = YES;
				CLANG_WARN_ENUM_CONVERSION = YES;
				CLANG_WARN_INFINITE_RECURSION = YES;
				CLANG_WARN_INT_CONVERSION = YES;
				CLANG_WARN_NON_LITERAL_NULL_CONVERSION = YES;
				CLANG_WARN_OBJC_IMPLICIT_RETAIN_SELF = YES;
				CLANG_WARN_OBJC_LITERAL_CONVERSION = YES;
				CLANG_WARN_OBJC_ROOT_CLASS = YES_ERROR;
				CLANG_WARN_QUOTED_INCLUDE_IN_FRAMEWORK_HEADER = YES;
				CLANG_WARN_RANGE_LOOP_ANALYSIS = YES;
				CLANG_WARN_STRICT_PROTOTYPES = YES;
				CLANG_WARN_SUSPICIOUS_MOVE = YES;
				CLANG_WARN_UNGUARDED_AVAILABILITY = YES_AGGRESSIVE;
				CLANG_WARN_UNREACHABLE_CODE = YES;
				CLANG_WARN__DUPLICATE_METHOD_MATCH = YES;
				COPY_PHASE_STRIP = NO;
				DEBUG_INFORMATION_FORMAT = "dwarf-with-dsym";
				ENABLE_NS_ASSERTIONS = NO;
				ENABLE_STRICT_OBJC_MSGSEND = YES;
				GCC_C_LANGUAGE_STANDARD = gnu11;
				GCC_NO_COMMON_BLOCKS = YES;
				GCC_WARN_64_TO_32_BIT_CONVERSION = YES;
				GCC_WARN_ABOUT_RETURN_TYPE = YES_ERROR;
				GCC_WARN_UNDECLARED_SELECTOR = YES;
				GCC_WARN_UNINITIALIZED_AUTOS = YES_AGGRESSIVE;
				GCC_WARN_UNUSED_FUNCTION = YES;
				GCC_WARN_UNUSED_VARIABLE = YES;
				IPHONEOS_DEPLOYMENT_TARGET = 15.0;
				MTL_ENABLE_DEBUG_INFO = NO;
				MTL_FAST_MATH = YES;
				SDKROOT = iphoneos;
				SWIFT_COMPILATION_MODE = wholemodule;
				SWIFT_OPTIMIZATION_LEVEL = "-O";
				VALIDATE_PRODUCT = YES;
			};
			name = Release;
		};
		C8E584B6274983F30057B309 /* Debug */ = {
			isa = XCBuildConfiguration;
			buildSettings = {
				ASSETCATALOG_COMPILER_APPICON_NAME = AppIcon;
				ASSETCATALOG_COMPILER_GLOBAL_ACCENT_COLOR_NAME = AccentColor;
				CODE_SIGN_STYLE = Automatic;
				CURRENT_PROJECT_VERSION = 1;
				DEAD_CODE_STRIPPING = NO;
				DEVELOPMENT_ASSET_PATHS = "\"Soulmate/Preview Content\"";
				DEVELOPMENT_TEAM = R367V6SP7Z;
				ENABLE_PREVIEWS = YES;
				GENERATE_INFOPLIST_FILE = YES;
				INFOPLIST_FILE = Soulmate/Info.plist;
				INFOPLIST_KEY_NSFaceIDUsageDescription = "To allow you to unlock your note without entering your password.";
				INFOPLIST_KEY_UIApplicationSceneManifest_Generation = YES;
				INFOPLIST_KEY_UIApplicationSupportsIndirectInputEvents = YES;
				INFOPLIST_KEY_UILaunchScreen_Generation = YES;
				INFOPLIST_KEY_UISupportedInterfaceOrientations_iPad = "UIInterfaceOrientationPortrait UIInterfaceOrientationPortraitUpsideDown UIInterfaceOrientationLandscapeLeft UIInterfaceOrientationLandscapeRight";
				INFOPLIST_KEY_UISupportedInterfaceOrientations_iPhone = "UIInterfaceOrientationPortrait UIInterfaceOrientationLandscapeLeft UIInterfaceOrientationLandscapeRight";
				IPHONEOS_DEPLOYMENT_TARGET = 15.2;
				LD_RUNPATH_SEARCH_PATHS = (
					"$(inherited)",
					"@executable_path/Frameworks",
				);
				MARKETING_VERSION = 1.0;
				PRODUCT_BUNDLE_IDENTIFIER = novembrz.Soulmate;
				PRODUCT_NAME = "$(TARGET_NAME)";
				SWIFT_EMIT_LOC_STRINGS = YES;
				SWIFT_VERSION = 5.0;
				TARGETED_DEVICE_FAMILY = "1,2";
			};
			name = Debug;
		};
		C8E584B7274983F30057B309 /* Release */ = {
			isa = XCBuildConfiguration;
			buildSettings = {
				ASSETCATALOG_COMPILER_APPICON_NAME = AppIcon;
				ASSETCATALOG_COMPILER_GLOBAL_ACCENT_COLOR_NAME = AccentColor;
				CODE_SIGN_STYLE = Automatic;
				CURRENT_PROJECT_VERSION = 1;
				DEAD_CODE_STRIPPING = NO;
				DEVELOPMENT_ASSET_PATHS = "\"Soulmate/Preview Content\"";
				DEVELOPMENT_TEAM = R367V6SP7Z;
				ENABLE_PREVIEWS = YES;
				GENERATE_INFOPLIST_FILE = YES;
				INFOPLIST_FILE = Soulmate/Info.plist;
				INFOPLIST_KEY_NSFaceIDUsageDescription = "To allow you to unlock your note without entering your password.";
				INFOPLIST_KEY_UIApplicationSceneManifest_Generation = YES;
				INFOPLIST_KEY_UIApplicationSupportsIndirectInputEvents = YES;
				INFOPLIST_KEY_UILaunchScreen_Generation = YES;
				INFOPLIST_KEY_UISupportedInterfaceOrientations_iPad = "UIInterfaceOrientationPortrait UIInterfaceOrientationPortraitUpsideDown UIInterfaceOrientationLandscapeLeft UIInterfaceOrientationLandscapeRight";
				INFOPLIST_KEY_UISupportedInterfaceOrientations_iPhone = "UIInterfaceOrientationPortrait UIInterfaceOrientationLandscapeLeft UIInterfaceOrientationLandscapeRight";
				IPHONEOS_DEPLOYMENT_TARGET = 15.2;
				LD_RUNPATH_SEARCH_PATHS = (
					"$(inherited)",
					"@executable_path/Frameworks",
				);
				MARKETING_VERSION = 1.0;
				PRODUCT_BUNDLE_IDENTIFIER = novembrz.Soulmate;
				PRODUCT_NAME = "$(TARGET_NAME)";
				SWIFT_EMIT_LOC_STRINGS = YES;
				SWIFT_VERSION = 5.0;
				TARGETED_DEVICE_FAMILY = "1,2";
			};
			name = Release;
		};
/* End XCBuildConfiguration section */

/* Begin XCConfigurationList section */
		C8E584A2274983F20057B309 /* Build configuration list for PBXProject "Soulmate" */ = {
			isa = XCConfigurationList;
			buildConfigurations = (
				C8E584B3274983F30057B309 /* Debug */,
				C8E584B4274983F30057B309 /* Release */,
			);
			defaultConfigurationIsVisible = 0;
			defaultConfigurationName = Release;
		};
		C8E584B5274983F30057B309 /* Build configuration list for PBXNativeTarget "Soulmate" */ = {
			isa = XCConfigurationList;
			buildConfigurations = (
				C8E584B6274983F30057B309 /* Debug */,
				C8E584B7274983F30057B309 /* Release */,
			);
			defaultConfigurationIsVisible = 0;
			defaultConfigurationName = Release;
		};
/* End XCConfigurationList section */

/* Begin XCRemoteSwiftPackageReference section */
		C86DD36B27D283EE00F6D43B /* XCRemoteSwiftPackageReference "lottie-ios" */ = {
			isa = XCRemoteSwiftPackageReference;
			repositoryURL = "https://github.com/airbnb/lottie-ios.git";
			requirement = {
				kind = upToNextMajorVersion;
				minimumVersion = 3.0.0;
			};
		};
/* End XCRemoteSwiftPackageReference section */

/* Begin XCSwiftPackageProductDependency section */
		C86DD36C27D283EE00F6D43B /* Lottie */ = {
			isa = XCSwiftPackageProductDependency;
			package = C86DD36B27D283EE00F6D43B /* XCRemoteSwiftPackageReference "lottie-ios" */;
			productName = Lottie;
		};
/* End XCSwiftPackageProductDependency section */
	};
	rootObject = C8E5849F274983F20057B309 /* Project object */;
}
